
Microsoft Visual Studio Solution File, Format Version 12.00
# Visual Studio 2012
Project("{FAE04EC0-301F-11D3-BF4B-00C04F79EFBC}") = "lottery", "lottery\lottery.csproj", "{80258FF4-2A97-426D-8BFD-78B7D44D90DC}"
EndProject
Global
	GlobalSection(SolutionConfigurationPlatforms) = preSolution
		Debug|Any CPU = Debug|Any CPU
		Release|Any CPU = Release|Any CPU
	EndGlobalSection
	GlobalSection(ProjectConfigurationPlatforms) = postSolution
		{80258FF4-2A97-426D-8BFD-78B7D44D90DC}.Debug|Any CPU.ActiveCfg = Debug|Any CPU
		{80258FF4-2A97-426D-8BFD-78B7D44D90DC}.Debug|Any CPU.Build.0 = Debug|Any CPU
		{80258FF4-2A97-426D-8BFD-78B7D44D90DC}.Release|Any CPU.ActiveCfg = Release|Any CPU
		{80258FF4-2A97-426D-8BFD-78B7D44D90DC}.Release|Any CPU.Build.0 = Release|Any CPU
	EndGlobalSection
	GlobalSection(SolutionProperties) = preSolution
		HideSolutionNode = FALSE
	EndGlobalSection
EndGlobal
